
Microsoft Visual Studio Solution File, Format Version 12.00
# Visual Studio Version 17
VisualStudioVersion = 17.4.33103.184
MinimumVisualStudioVersion = 10.0.40219.1
Project("{FAE04EC0-301F-11D3-BF4B-00C04F79EFBC}") = "Test", "Test\Test.csproj", "{6D4B9646-CA28-4DAA-9156-365182C95AB7}"
EndProject
Project("{FAE04EC0-301F-11D3-BF4B-00C04F79EFBC}") = "DBDomein", "DBDomein\DBDomein.csproj", "{C5670E18-D259-4566-8189-B8C47FACB8A6}"
EndProject
Project("{FAE04EC0-301F-11D3-BF4B-00C04F79EFBC}") = "TestWF", "TestWF\TestWF.csproj", "{F3F6231E-094E-4064-8530-4D19CEAFBDC8}"
EndProject
Project("{FAE04EC0-301F-11D3-BF4B-00C04F79EFBC}") = "SWmech", "SWmech\SWmech.csproj", "{1B04083C-141E-4484-AA2D-0311A44AE08E}"
EndProject
Project("{FAE04EC0-301F-11D3-BF4B-00C04F79EFBC}") = "Converter", "Converter\Converter.csproj", "{99593855-1CB7-470F-84BD-EC5327DFFC70}"
EndProject
Project("{FAE04EC0-301F-11D3-BF4B-00C04F79EFBC}") = "DesignLibrary", "DesignLibrary\DesignLibrary.csproj", "{C72BE015-A07D-4A56-B1F0-59C38FD81F68}"
EndProject
Project("{FAE04EC0-301F-11D3-BF4B-00C04F79EFBC}") = "Logging", "Logging\Logging.csproj", "{4865EBF0-1D3D-421E-BCBA-EE7D61B47682}"
EndProject
Project("{54435603-DBB4-11D2-8724-00A0C9A8B90C}") = "Intaller", "Intaller\Intaller.vdproj", "{FD4282AF-2913-4640-AED3-03E7C733ECEF}"
EndProject
Project("{FAE04EC0-301F-11D3-BF4B-00C04F79EFBC}") = "SWCoreAddin", "SWCore\SWCoreAddin.csproj", "{F4FA3BF9-30F8-462E-8297-45F450F156CF}"
EndProject
Global
	GlobalSection(SolutionConfigurationPlatforms) = preSolution
		Debug|Any CPU = Debug|Any CPU
		Release|Any CPU = Release|Any CPU
	EndGlobalSection
	GlobalSection(ProjectConfigurationPlatforms) = postSolution
		{6D4B9646-CA28-4DAA-9156-365182C95AB7}.Debug|Any CPU.ActiveCfg = Debug|Any CPU
		{6D4B9646-CA28-4DAA-9156-365182C95AB7}.Debug|Any CPU.Build.0 = Debug|Any CPU
		{6D4B9646-CA28-4DAA-9156-365182C95AB7}.Release|Any CPU.ActiveCfg = Release|Any CPU
		{6D4B9646-CA28-4DAA-9156-365182C95AB7}.Release|Any CPU.Build.0 = Release|Any CPU
		{C5670E18-D259-4566-8189-B8C47FACB8A6}.Debug|Any CPU.ActiveCfg = Debug|Any CPU
		{C5670E18-D259-4566-8189-B8C47FACB8A6}.Debug|Any CPU.Build.0 = Debug|Any CPU
		{C5670E18-D259-4566-8189-B8C47FACB8A6}.Release|Any CPU.ActiveCfg = Release|Any CPU
		{C5670E18-D259-4566-8189-B8C47FACB8A6}.Release|Any CPU.Build.0 = Release|Any CPU
		{F3F6231E-094E-4064-8530-4D19CEAFBDC8}.Debug|Any CPU.ActiveCfg = Debug|Any CPU
		{F3F6231E-094E-4064-8530-4D19CEAFBDC8}.Debug|Any CPU.Build.0 = Debug|Any CPU
		{F3F6231E-094E-4064-8530-4D19CEAFBDC8}.Release|Any CPU.ActiveCfg = Release|Any CPU
		{F3F6231E-094E-4064-8530-4D19CEAFBDC8}.Release|Any CPU.Build.0 = Release|Any CPU
		{1B04083C-141E-4484-AA2D-0311A44AE08E}.Debug|Any CPU.ActiveCfg = Debug|Any CPU
		{1B04083C-141E-4484-AA2D-0311A44AE08E}.Debug|Any CPU.Build.0 = Debug|Any CPU
		{1B04083C-141E-4484-AA2D-0311A44AE08E}.Release|Any CPU.ActiveCfg = Release|Any CPU
		{1B04083C-141E-4484-AA2D-0311A44AE08E}.Release|Any CPU.Build.0 = Release|Any CPU
		{99593855-1CB7-470F-84BD-EC5327DFFC70}.Debug|Any CPU.ActiveCfg = Debug|Any CPU
		{99593855-1CB7-470F-84BD-EC5327DFFC70}.Debug|Any CPU.Build.0 = Debug|Any CPU
		{99593855-1CB7-470F-84BD-EC5327DFFC70}.Release|Any CPU.ActiveCfg = Release|Any CPU
		{99593855-1CB7-470F-84BD-EC5327DFFC70}.Release|Any CPU.Build.0 = Release|Any CPU
		{C72BE015-A07D-4A56-B1F0-59C38FD81F68}.Debug|Any CPU.ActiveCfg = Debug|Any CPU
		{C72BE015-A07D-4A56-B1F0-59C38FD81F68}.Debug|Any CPU.Build.0 = Debug|Any CPU
		{C72BE015-A07D-4A56-B1F0-59C38FD81F68}.Release|Any CPU.ActiveCfg = Release|Any CPU
		{C72BE015-A07D-4A56-B1F0-59C38FD81F68}.Release|Any CPU.Build.0 = Release|Any CPU
		{4865EBF0-1D3D-421E-BCBA-EE7D61B47682}.Debug|Any CPU.ActiveCfg = Debug|Any CPU
		{4865EBF0-1D3D-421E-BCBA-EE7D61B47682}.Debug|Any CPU.Build.0 = Debug|Any CPU
		{4865EBF0-1D3D-421E-BCBA-EE7D61B47682}.Release|Any CPU.ActiveCfg = Release|Any CPU
		{4865EBF0-1D3D-421E-BCBA-EE7D61B47682}.Release|Any CPU.Build.0 = Release|Any CPU
		{FD4282AF-2913-4640-AED3-03E7C733ECEF}.Debug|Any CPU.ActiveCfg = Debug
		{FD4282AF-2913-4640-AED3-03E7C733ECEF}.Release|Any CPU.ActiveCfg = Release
		{F4FA3BF9-30F8-462E-8297-45F450F156CF}.Debug|Any CPU.ActiveCfg = Debug|Any CPU
		{F4FA3BF9-30F8-462E-8297-45F450F156CF}.Debug|Any CPU.Build.0 = Debug|Any CPU
		{F4FA3BF9-30F8-462E-8297-45F450F156CF}.Release|Any CPU.ActiveCfg = Release|Any CPU
		{F4FA3BF9-30F8-462E-8297-45F450F156CF}.Release|Any CPU.Build.0 = Release|Any CPU
	EndGlobalSection
	GlobalSection(SolutionProperties) = preSolution
		HideSolutionNode = FALSE
	EndGlobalSection
	GlobalSection(ExtensibilityGlobals) = postSolution
		SolutionGuid = {0D70BBD8-172D-4D43-9B68-D23A132C477A}
	EndGlobalSection
EndGlobal
